
Microsoft Visual Studio Solution File, Format Version 12.00
# Visual Studio Version 17
VisualStudioVersion = 17.0.31903.59
MinimumVisualStudioVersion = 10.0.40219.1
Project("{9A19103F-16F7-4668-BE54-9A1E7A4F7556}") = "UserFunction", "UserFunction\UserFunction.csproj", "{41A5AD45-65A2-4DDE-B429-6BA7F7E86127}"
EndProject
Project("{D954291E-2A0B-460D-934E-DC6B0785DB48}") = "SharedProject", "SharedProject\SharedProject.shproj", "{7381468E-45F3-4E3E-AA1B-BB93CF9688DA}"
EndProject
Project("{9A19103F-16F7-4668-BE54-9A1E7A4F7556}") = "FranchiseeFunction", "FranchiseeFunction\FranchiseeFunction.csproj", "{6D1030C7-AC1B-4043-AD52-C97C37EF07AC}"
EndProject
Project("{E53339B2-1760-4266-BCC7-CA923CBCF16C}") = "docker-compose", "docker-compose.dcproj", "{469C52DA-F444-4648-B519-39A673AFC56B}"
EndProject
Global
	GlobalSection(SolutionConfigurationPlatforms) = preSolution
		Debug|Any CPU = Debug|Any CPU
		Release|Any CPU = Release|Any CPU
	EndGlobalSection
	GlobalSection(ProjectConfigurationPlatforms) = postSolution
		{41A5AD45-65A2-4DDE-B429-6BA7F7E86127}.Debug|Any CPU.ActiveCfg = Debug|Any CPU
		{41A5AD45-65A2-4DDE-B429-6BA7F7E86127}.Debug|Any CPU.Build.0 = Debug|Any CPU
		{41A5AD45-65A2-4DDE-B429-6BA7F7E86127}.Release|Any CPU.ActiveCfg = Release|Any CPU
		{41A5AD45-65A2-4DDE-B429-6BA7F7E86127}.Release|Any CPU.Build.0 = Release|Any CPU
		{6D1030C7-AC1B-4043-AD52-C97C37EF07AC}.Debug|Any CPU.ActiveCfg = Debug|Any CPU
		{6D1030C7-AC1B-4043-AD52-C97C37EF07AC}.Debug|Any CPU.Build.0 = Debug|Any CPU
		{6D1030C7-AC1B-4043-AD52-C97C37EF07AC}.Release|Any CPU.ActiveCfg = Release|Any CPU
		{6D1030C7-AC1B-4043-AD52-C97C37EF07AC}.Release|Any CPU.Build.0 = Release|Any CPU
		{469C52DA-F444-4648-B519-39A673AFC56B}.Debug|Any CPU.ActiveCfg = Debug|Any CPU
		{469C52DA-F444-4648-B519-39A673AFC56B}.Debug|Any CPU.Build.0 = Debug|Any CPU
		{469C52DA-F444-4648-B519-39A673AFC56B}.Release|Any CPU.ActiveCfg = Release|Any CPU
		{469C52DA-F444-4648-B519-39A673AFC56B}.Release|Any CPU.Build.0 = Release|Any CPU
	EndGlobalSection
	GlobalSection(SolutionProperties) = preSolution
		HideSolutionNode = FALSE
	EndGlobalSection
	GlobalSection(ExtensibilityGlobals) = postSolution
		SolutionGuid = {1EFA3EC2-0E07-4652-9A3D-A99BF83115AF}
	EndGlobalSection
	GlobalSection(SharedMSBuildProjectFiles) = preSolution
		SharedProject\SharedProject.projitems*{41a5ad45-65a2-4dde-b429-6ba7f7e86127}*SharedItemsImports = 5
		SharedProject\SharedProject.projitems*{6d1030c7-ac1b-4043-ad52-c97c37ef07ac}*SharedItemsImports = 5
		SharedProject\SharedProject.projitems*{7381468e-45f3-4e3e-aa1b-bb93cf9688da}*SharedItemsImports = 13
	EndGlobalSection
EndGlobal
